
Microsoft Visual Studio Solution File, Format Version 12.00
# Visual Studio 15
VisualStudioVersion = 15.0.28307.960
MinimumVisualStudioVersion = 10.0.40219.1
Project("{FAE04EC0-301F-11D3-BF4B-00C04F79EFBC}") = "LoginApplication", "LoginApplication\LoginApplication.csproj", "{9A645B4A-56DA-46AA-B8D5-1E2D0F3756A7}"
EndProject
Global
	GlobalSection(SolutionConfigurationPlatforms) = preSolution
		Debug|Any CPU = Debug|Any CPU
		Release|Any CPU = Release|Any CPU
	EndGlobalSection
	GlobalSection(ProjectConfigurationPlatforms) = postSolution
		{9A645B4A-56DA-46AA-B8D5-1E2D0F3756A7}.Debug|Any CPU.ActiveCfg = Debug|Any CPU
		{9A645B4A-56DA-46AA-B8D5-1E2D0F3756A7}.Debug|Any CPU.Build.0 = Debug|Any CPU
		{9A645B4A-56DA-46AA-B8D5-1E2D0F3756A7}.Release|Any CPU.ActiveCfg = Release|Any CPU
		{9A645B4A-56DA-46AA-B8D5-1E2D0F3756A7}.Release|Any CPU.Build.0 = Release|Any CPU
	EndGlobalSection
	GlobalSection(SolutionProperties) = preSolution
		HideSolutionNode = FALSE
	EndGlobalSection
	GlobalSection(ExtensibilityGlobals) = postSolution
		SolutionGuid = {90A3BE50-0DB4-4D90-B269-4C836A51B3E4}
	EndGlobalSection
EndGlobal
